
Microsoft Visual Studio Solution File, Format Version 12.00
# Visual Studio Version 17
VisualStudioVersion = 17.14.37216.2 d17.14
MinimumVisualStudioVersion = 10.0.40219.1
Project("{FAE04EC0-301F-11D3-BF4B-00C04F79EFBC}") = "BrasasOS.API", "BrasasOS.API\BrasasOS.API.csproj", "{11663D34-8FC3-4FB9-AD77-6F09229F7F15}"
EndProject
Global
	GlobalSection(SolutionConfigurationPlatforms) = preSolution
		Debug|Any CPU = Debug|Any CPU
		Release|Any CPU = Release|Any CPU
	EndGlobalSection
	GlobalSection(ProjectConfigurationPlatforms) = postSolution
		{11663D34-8FC3-4FB9-AD77-6F09229F7F15}.Debug|Any CPU.ActiveCfg = Debug|Any CPU
		{11663D34-8FC3-4FB9-AD77-6F09229F7F15}.Debug|Any CPU.Build.0 = Debug|Any CPU
		{11663D34-8FC3-4FB9-AD77-6F09229F7F15}.Release|Any CPU.ActiveCfg = Release|Any CPU
		{11663D34-8FC3-4FB9-AD77-6F09229F7F15}.Release|Any CPU.Build.0 = Release|Any CPU
	EndGlobalSection
	GlobalSection(SolutionProperties) = preSolution
		HideSolutionNode = FALSE
	EndGlobalSection
	GlobalSection(ExtensibilityGlobals) = postSolution
		SolutionGuid = {CF98F52F-967D-4556-A1D4-B40D3EBC0B62}
	EndGlobalSection
EndGlobal
